
Microsoft Visual Studio Solution File, Format Version 12.00
# Visual Studio 2012
Project("{FAE04EC0-301F-11D3-BF4B-00C04F79EFBC}") = "Weather", "Weather\Weather.csproj", "{49E31E05-5BB7-487A-BD08-9EE9C441F3B3}"
EndProject
Project("{FAE04EC0-301F-11D3-BF4B-00C04F79EFBC}") = "Weather.iOS", "iOS\Weather.iOS.csproj", "{59134F37-EC84-47F9-999C-D9089E9DACFC}"
EndProject
Project("{FAE04EC0-301F-11D3-BF4B-00C04F79EFBC}") = "Weather.Droid", "Droid\Weather.Droid.csproj", "{B27F4C2C-910F-422B-85FC-E26E87E74A75}"
EndProject
Global
	GlobalSection(SolutionConfigurationPlatforms) = preSolution
		Debug|Any CPU = Debug|Any CPU
		Release|Any CPU = Release|Any CPU
		Debug|iPhoneSimulator = Debug|iPhoneSimulator
		Release|iPhone = Release|iPhone
		Release|iPhoneSimulator = Release|iPhoneSimulator
		Debug|iPhone = Debug|iPhone
	EndGlobalSection
	GlobalSection(ProjectConfigurationPlatforms) = postSolution
		{49E31E05-5BB7-487A-BD08-9EE9C441F3B3}.Debug|Any CPU.ActiveCfg = Debug|Any CPU
		{49E31E05-5BB7-487A-BD08-9EE9C441F3B3}.Debug|Any CPU.Build.0 = Debug|Any CPU
		{49E31E05-5BB7-487A-BD08-9EE9C441F3B3}.Release|Any CPU.ActiveCfg = Release|Any CPU
		{49E31E05-5BB7-487A-BD08-9EE9C441F3B3}.Release|Any CPU.Build.0 = Release|Any CPU
		{49E31E05-5BB7-487A-BD08-9EE9C441F3B3}.Debug|iPhoneSimulator.ActiveCfg = Debug|Any CPU
		{49E31E05-5BB7-487A-BD08-9EE9C441F3B3}.Debug|iPhoneSimulator.Build.0 = Debug|Any CPU
		{49E31E05-5BB7-487A-BD08-9EE9C441F3B3}.Release|iPhone.ActiveCfg = Release|Any CPU
		{49E31E05-5BB7-487A-BD08-9EE9C441F3B3}.Release|iPhone.Build.0 = Release|Any CPU
		{49E31E05-5BB7-487A-BD08-9EE9C441F3B3}.Release|iPhoneSimulator.ActiveCfg = Release|Any CPU
		{49E31E05-5BB7-487A-BD08-9EE9C441F3B3}.Release|iPhoneSimulator.Build.0 = Release|Any CPU
		{49E31E05-5BB7-487A-BD08-9EE9C441F3B3}.Debug|iPhone.ActiveCfg = Debug|Any CPU
		{49E31E05-5BB7-487A-BD08-9EE9C441F3B3}.Debug|iPhone.Build.0 = Debug|Any CPU
		{59134F37-EC84-47F9-999C-D9089E9DACFC}.Debug|Any CPU.ActiveCfg = Debug|iPhoneSimulator
		{59134F37-EC84-47F9-999C-D9089E9DACFC}.Debug|Any CPU.Build.0 = Debug|iPhoneSimulator
		{59134F37-EC84-47F9-999C-D9089E9DACFC}.Release|Any CPU.ActiveCfg = Release|iPhone
		{59134F37-EC84-47F9-999C-D9089E9DACFC}.Release|Any CPU.Build.0 = Release|iPhone
		{59134F37-EC84-47F9-999C-D9089E9DACFC}.Debug|iPhoneSimulator.ActiveCfg = Debug|iPhoneSimulator
		{59134F37-EC84-47F9-999C-D9089E9DACFC}.Debug|iPhoneSimulator.Build.0 = Debug|iPhoneSimulator
		{59134F37-EC84-47F9-999C-D9089E9DACFC}.Release|iPhone.ActiveCfg = Release|iPhone
		{59134F37-EC84-47F9-999C-D9089E9DACFC}.Release|iPhone.Build.0 = Release|iPhone
		{59134F37-EC84-47F9-999C-D9089E9DACFC}.Release|iPhoneSimulator.ActiveCfg = Release|iPhoneSimulator
		{59134F37-EC84-47F9-999C-D9089E9DACFC}.Release|iPhoneSimulator.Build.0 = Release|iPhoneSimulator
		{59134F37-EC84-47F9-999C-D9089E9DACFC}.Debug|iPhone.ActiveCfg = Debug|iPhone
		{59134F37-EC84-47F9-999C-D9089E9DACFC}.Debug|iPhone.Build.0 = Debug|iPhone
		{B27F4C2C-910F-422B-85FC-E26E87E74A75}.Debug|Any CPU.ActiveCfg = Debug|Any CPU
		{B27F4C2C-910F-422B-85FC-E26E87E74A75}.Debug|Any CPU.Build.0 = Debug|Any CPU
		{B27F4C2C-910F-422B-85FC-E26E87E74A75}.Release|Any CPU.ActiveCfg = Release|Any CPU
		{B27F4C2C-910F-422B-85FC-E26E87E74A75}.Release|Any CPU.Build.0 = Release|Any CPU
		{B27F4C2C-910F-422B-85FC-E26E87E74A75}.Debug|iPhoneSimulator.ActiveCfg = Debug|Any CPU
		{B27F4C2C-910F-422B-85FC-E26E87E74A75}.Debug|iPhoneSimulator.Build.0 = Debug|Any CPU
		{B27F4C2C-910F-422B-85FC-E26E87E74A75}.Release|iPhone.ActiveCfg = Release|Any CPU
		{B27F4C2C-910F-422B-85FC-E26E87E74A75}.Release|iPhone.Build.0 = Release|Any CPU
		{B27F4C2C-910F-422B-85FC-E26E87E74A75}.Release|iPhoneSimulator.ActiveCfg = Release|Any CPU
		{B27F4C2C-910F-422B-85FC-E26E87E74A75}.Release|iPhoneSimulator.Build.0 = Release|Any CPU
		{B27F4C2C-910F-422B-85FC-E26E87E74A75}.Debug|iPhone.ActiveCfg = Debug|Any CPU
		{B27F4C2C-910F-422B-85FC-E26E87E74A75}.Debug|iPhone.Build.0 = Debug|Any CPU
	EndGlobalSection
EndGlobal
